{
  "version": "2",
  "remote": {
    "https://deno.land/std@0.82.0/_util/assert.ts": "e1f76e77c5ccb5a8e0dbbbe6cce3a56d2556c8cb5a9a8802fc9565af72462149",
    "https://deno.land/std@0.82.0/_util/has_own_property.ts": "91a2ef2fae5d941643a6472b97cac7ed8060a96deb66f4fafb4a2750c8af18e5",
    "https://deno.land/std@0.82.0/_util/os.ts": "e2be3e25f96e4b5a233a08fd03aba80819bcaee66ac53c11c9b5aaa64799b475",
    "https://deno.land/std@0.82.0/async/deferred.ts": "ecdb71319e164ec4ace5a44e3ee991b52c21bfc19e498acdf8eccdc0b1184f70",
    "https://deno.land/std@0.82.0/async/delay.ts": "35957d585a6e3dd87706858fb1d6b551cb278271b03f52c5a2cb70e65e00c26a",
    "https://deno.land/std@0.82.0/async/mod.ts": "39f2602a005805dd1e6b9da4ee5391b14d15e8fec4fa5494a6165c599911d746",
    "https://deno.land/std@0.82.0/async/mux_async_iterator.ts": "2532c6f448fda34db7ab9504746db671c32425dd4ffa96eeb9df744c3038c106",
    "https://deno.land/std@0.82.0/async/pool.ts": "a499691231d8c249f044f69d204b479ad3af7f115e0b37342829eff076bc2450",
    "https://deno.land/std@0.82.0/bytes/mod.ts": "e4f91c6473fe13e3cf1a23649137f87f49135c10bc08fc0f83382a0fb0b03744",
    "https://deno.land/std@0.82.0/encoding/utf8.ts": "1b7e77db9a12363c67872f8a208886ca1329f160c1ca9133b13d2ed399688b99",
    "https://deno.land/std@0.82.0/fmt/colors.ts": "c5665c66f1a67228f21c5989bbb04b36d369b98dd7ceac06f5e26856c81c2531",
    "https://deno.land/std@0.82.0/hash/sha1.ts": "5aa9abaace21e3f00f14ead6c949713ee43d242c6ed2fc76acecdce9e8a346b5",
    "https://deno.land/std@0.82.0/hash/sha256.ts": "1025d54d0a307f941380de0e7264054a0076a323ea3cff64171f9fdd81f011d8",
    "https://deno.land/std@0.82.0/http/_io.ts": "8e1ed7effe99446535a98ac0cdcfd544265c78c46e4cef5a8c5f8e31037711d9",
    "https://deno.land/std@0.82.0/http/http_status.ts": "0ecc0799a208f49452023b1b927106ba5a2c13cc6cf6666345db028239d554ab",
    "https://deno.land/std@0.82.0/http/server.ts": "282bb3b13da077a760083b465843fc2b8bf8936c3e22c514f6ae695db0721866",
    "https://deno.land/std@0.82.0/io/bufio.ts": "3cbbe1f761c1c636d1e7128ed4e7fdca6bf21d9199aa3cae71e69972a6ae8f93",
    "https://deno.land/std@0.82.0/io/ioutil.ts": "b781afd113a7d29c88c3d88efec391a0446c3e6537b74f795dd8579339ae8a5f",
    "https://deno.land/std@0.82.0/path/_constants.ts": "3a19d04e5d6de4620df22ab40c2e8c9d87002b56702d2b4669c14dfa2765e368",
    "https://deno.land/std@0.82.0/path/_interface.ts": "67b276380d297a7cedc3c17f7a0bf122edcfc96a3e1f69de06f379d85ba0e2c0",
    "https://deno.land/std@0.82.0/path/_util.ts": "7820a788b35c26dfc27ff329df12507fc0553ae92727009597046f6cf856b4fa",
    "https://deno.land/std@0.82.0/path/common.ts": "e4ec66a7416d56f60331b66e27a8a4f08c7b1cf48e350271cb69754a01cf5c04",
    "https://deno.land/std@0.82.0/path/glob.ts": "c36be777b82346a3fac02ef0ffef7d6c9bfe4da50f4599c798d7ded072f88d22",
    "https://deno.land/std@0.82.0/path/mod.ts": "ef6a91aed4bc417eb56f8d5947f117f35ed3ca76c24d19dc482d3d6514218d5f",
    "https://deno.land/std@0.82.0/path/posix.ts": "0f635537634111caa17a944b7405cf0a50ed6d6dd1a847c65323bebeccec5718",
    "https://deno.land/std@0.82.0/path/separator.ts": "696812939d47fbe095002e92d595e3a1cdf03157222029a39c68dce9995f38c4",
    "https://deno.land/std@0.82.0/path/win32.ts": "c5efe2a88d2351adddb53c22439ef32dc1081bc0d4205ae54a2ce388bcc600fb",
    "https://deno.land/std@0.82.0/testing/_diff.ts": "9656b2dbe0a76684e705375fd03bfe0108e9e00845ccb9e47abff52f156fe4e8",
    "https://deno.land/std@0.82.0/testing/asserts.ts": "a8d30ca52b1bf4f928c521e80b58d04ed3930b9507c598cfffd1ecedf3f6eaf2",
    "https://deno.land/std@0.82.0/textproto/mod.ts": "4c378eda3cb6216608bb4c3a34201761c65f6980c4669455ca224c330cd5b790",
    "https://deno.land/std@0.82.0/ws/mod.ts": "a6eaf8d888bf1ffeba2d898c9cf9809f11a0fe0a84d880af06a2985f05505eac",
    "https://deno.land/std@0.84.0/_util/assert.ts": "2f868145a042a11d5ad0a3c748dcf580add8a0dbc0e876eaa0026303a5488f58",
    "https://deno.land/std@0.84.0/async/deferred.ts": "f89ed49ba5e1dd0227c6bd5b23f017be46c3f92e4f0338dda08ff5aa54b9f6c9",
    "https://deno.land/std@0.84.0/async/delay.ts": "9de1d8d07d1927767ab7f82434b883f3d8294fb19cad819691a2ad81a728cf3d",
    "https://deno.land/std@0.84.0/async/mod.ts": "253b41c658d768613eacfb11caa0a9ca7148442f932018a45576f7f27554c853",
    "https://deno.land/std@0.84.0/async/mux_async_iterator.ts": "b9091909db04cdb0af6f7807677372f64c1488de6c4bd86004511b064bf230d6",
    "https://deno.land/std@0.84.0/async/pool.ts": "35db39af9325252a726761953ca4fed8f5483c95630bbb29c7c5ccc18e536c85",
    "https://deno.land/std@0.84.0/bytes/mod.ts": "1ae1ccfe98c4b979f12b015982c7444f81fcb921bea7aa215bf37d84f46e1e13",
    "https://deno.land/std@0.84.0/encoding/base64.ts": "e81fd4661e7af6711b1a03ed212617e1b1ff2999a11317655359cf9223bc6cce",
    "https://deno.land/std@0.84.0/encoding/hex.ts": "f952e0727bddb3b2fd2e6889d104eacbd62e92091f540ebd6459317a61932d9b",
    "https://deno.land/std@0.84.0/encoding/utf8.ts": "ce9becd1224dea119636a4cdcbce9dae016eb2cce4154d4fa352da166321a7b8",
    "https://deno.land/std@0.84.0/fmt/colors.ts": "d253f2367e5feebcf0f49676533949c09ea07a2d95fb74958f6f5c1c22fbec49",
    "https://deno.land/std@0.84.0/hash/_wasm/hash.ts": "347a48219766ffddfc1fb8f129574995306466f9c6f899620091bca46f9cd1d2",
    "https://deno.land/std@0.84.0/hash/_wasm/wasm.js": "fa27095b91e6268682100997577f1d3478beab5b045777e27ff7b2b5d19c8fdc",
    "https://deno.land/std@0.84.0/hash/hasher.ts": "57a9ec05dd48a9eceed319ac53463d9873490feea3832d58679df6eec51c176b",
    "https://deno.land/std@0.84.0/hash/mod.ts": "135d43c9d24edcc9e57d0a2983de4570a07e949c512b1f693b1689adf2a5e86a",
    "https://deno.land/std@0.84.0/hash/sha1.ts": "1cca324b4b253885a47f121adafcfac55b4cc96113e22b338e1db26f37a730b8",
    "https://deno.land/std@0.84.0/io/bufio.ts": "60d292248c8b32b3d8d13a4336b0c381b2dce5b9c9b50a4930205dea87eaf456",
    "https://deno.land/std@0.84.0/uuid/_common.ts": "beee4caefb586f248f394ef6e7b78449f3982301d17e363ca0d804c9ab6ba036",
    "https://deno.land/std@0.84.0/uuid/mod.ts": "20e2a8209ec811fd8bf7218e83cf2d666556cdc947435b393f7f8edb9dcf14a4",
    "https://deno.land/std@0.84.0/uuid/v1.ts": "6af0fecb3bef17053c6eb6d8a00bc8a9d8ce5d249d2fdbcb8d6b01580742a715",
    "https://deno.land/std@0.84.0/uuid/v4.ts": "2722c5687d7ba417d1f470f7fe6ec0561a642e6996758e924ce058a3abf57c0d",
    "https://deno.land/std@0.84.0/uuid/v5.ts": "a460e06c4c173e676e8e963282d68c560a7294d7eb508356be55e992ea92db66",
    "https://deno.land/x/mandarinets@v2.3.2/deps.ts": "9cf234437a08531d588bbf3ae09c9055f6d15ae8e0bf7dc51ade751305f74621",
    "https://deno.land/x/mandarinets@v2.3.2/logger/log.ts": "202f23358d039f25dcd7e1f92c790a97c3ff9e07ddd20c8cbaac4fdb2db9fb14",
    "https://deno.land/x/mandarinets@v2.3.2/main-core/Mandarine.commonInterfaces.ns.ts": "0c881b30008256828dfa3650e23409b62a587489f6fa9ff995e5cfecbd106635",
    "https://deno.land/x/mandarinets@v2.3.2/main-core/Mandarine.miscellaneous.ns.ts": "784b6b226b3732c6b2be26df55fc98eeffffe8b6d170f512c5d84ee51c427d4e",
    "https://deno.land/x/mandarinets@v2.3.2/main-core/Mandarine.native.ns.ts": "299d1a9cb6064275627a08cb57475ad3c0238223e5c06880a5e959aeb592a0f6",
    "https://deno.land/x/mandarinets@v2.3.2/main-core/Mandarine.ns.ts": "4816210caa189feeafa133f71d1b81ef1b0d5a628831b15f94d1037a4cda897d",
    "https://deno.land/x/mandarinets@v2.3.2/main-core/MandarineEnvConstants.ts": "5d7e128e0aced077c0e4c15cf0a3adfb3b110f1fa83478fd43cb5ee9f2158192",
    "https://deno.land/x/mandarinets@v2.3.2/main-core/application-context/mandarineApplicationContext.ts": "82c2b16a9f05019786f7056411d70c073c41b1816cc7fe0e80dc906eabacb374",
    "https://deno.land/x/mandarinets@v2.3.2/main-core/components-registry/componentRegistry.ts": "207279f90ca18361d7ea74fb124e1a7446455f4ee9bb5ffeeb5a57a561626150",
    "https://deno.land/x/mandarinets@v2.3.2/main-core/components-registry/componentRegistry.util.ts": "fb7e75bd42df4505b351f60ab331260a5c327350014c0cc851a3bf5323545bb0",
    "https://deno.land/x/mandarinets@v2.3.2/main-core/components/component-component/componentComponent.ts": "052b605875fb14ad4b04d3fc15265ab3b85ed5fdc40c5cc019a076f79950c6aa",
    "https://deno.land/x/mandarinets@v2.3.2/main-core/components/repository-component/repositoryComponent.ts": "5215a86472928473364f0e671dfd3fecc56682344998808599b9788aeb9f57d1",
    "https://deno.land/x/mandarinets@v2.3.2/main-core/decorators/configuration-readers/configurationProperties.ts": "434e0869358ab7eaac556176bde3111ef06a3c595f05d74d2a86e7caf1317eff",
    "https://deno.land/x/mandarinets@v2.3.2/main-core/decorators/configuration-readers/value.ts": "69679bb2da1c31859c3d887a479962f7478d839d2e844d70f02e01b97be520f7",
    "https://deno.land/x/mandarinets@v2.3.2/main-core/decorators/native-components/override.ts": "70663204fcd40fd516833ac139337108913ca28889d61933a76e47590597561c",
    "https://deno.land/x/mandarinets@v2.3.2/main-core/decorators/stereotypes/catch/catch.ts": "89a6521632bd3e7d91dc35c75e94690cb15efd42ff6cb80411914d2b18503571",
    "https://deno.land/x/mandarinets@v2.3.2/main-core/decorators/stereotypes/component/component.ts": "ddc4616b60e9c1876b726aba65c9e744af4d488e6be60ac8babc218e0a706fcb",
    "https://deno.land/x/mandarinets@v2.3.2/main-core/decorators/stereotypes/configuration/configuration.ts": "b24d556aa417e07019817114fd4cef2bab74a774c0b03e331abc17807415e619",
    "https://deno.land/x/mandarinets@v2.3.2/main-core/decorators/stereotypes/guards/guard.ts": "f2ada67dff9594e46bbd7a210c9f830ef9e0a0fc52eef5f28912949c7b18b102",
    "https://deno.land/x/mandarinets@v2.3.2/main-core/decorators/stereotypes/middleware/Middleware.ts": "fccd74895cc9b0632566a3e78daeb9967b0cf0a1dcf2ef96698059bf74acbbb5",
    "https://deno.land/x/mandarinets@v2.3.2/main-core/decorators/stereotypes/service/service.ts": "a1bfb847eadb6025885567e672991d235b3d1f699f112d060bc1be8ea4272207",
    "https://deno.land/x/mandarinets@v2.3.2/main-core/dependency-injection/decorators/Inject.ts": "6d04799a30a815ec08687df4ab685c3e52cc70f46b31e54d942a96f24c829c67",
    "https://deno.land/x/mandarinets@v2.3.2/main-core/dependency-injection/decorators/injectable.ts": "2dd99b129650a8fb6c513c60bf9b300ec805056058e79e03fbd1dc2020620587",
    "https://deno.land/x/mandarinets@v2.3.2/main-core/dependency-injection/di.ns.ts": "4c6a96ed556d2b05713078ae95b5b5ebf469e1839e7b180cb620523c53f5cdc4",
    "https://deno.land/x/mandarinets@v2.3.2/main-core/dependency-injection/di.util.ts": "974726604a1d56836ae226fba58d67adca24fbd1fe6ec19df82b3ee24484e8a6",
    "https://deno.land/x/mandarinets@v2.3.2/main-core/dependency-injection/diFactory.ts": "180e91679fea170a7a6f8e07bf3a4edb766dc4cd1d305704577f46a0b0a94316",
    "https://deno.land/x/mandarinets@v2.3.2/main-core/dependency-injection/internals/getPipes.ts": "610366168116c91581fb1ba9576a464fb2ad376ebe4aec8af2ad3a44df6747c7",
    "https://deno.land/x/mandarinets@v2.3.2/main-core/engine/mandarineTSFrameworkEngineMethods.ts": "d1a2a444d6a3c373d42061f2defd8b37ef63b13074d161a9755c4c6ddfe8e92d",
    "https://deno.land/x/mandarinets@v2.3.2/main-core/exceptions/componentExceptions.ts": "0dec3afc6fd97e9266ecb88a2a9f8b3156c9813c9ce18b79a14b24473b802cc4",
    "https://deno.land/x/mandarinets@v2.3.2/main-core/exceptions/invalidAnnotationError.ts": "e86dd6654d0ab1f3b597977da798de4f34d726b1624fcfb29ba55d3933d095d9",
    "https://deno.land/x/mandarinets@v2.3.2/main-core/exceptions/mandarineAuthException.ts": "55d832cd4330c14ea861864666193c599dc90ec2ef4ab7cdd85da9f8cf25fb86",
    "https://deno.land/x/mandarinets@v2.3.2/main-core/exceptions/mandarineException.ts": "cf2a94cadc10b5703dc905a2e0142a1090797a81e37e155bada5f0778be17735",
    "https://deno.land/x/mandarinets@v2.3.2/main-core/exceptions/mandarineSecurityException.ts": "fa9a5787f37002d56b62df770371fb9f70c1e4829259fc856d0368b298a8bcb3",
    "https://deno.land/x/mandarinets@v2.3.2/main-core/exceptions/routingException.ts": "2edea263a03c55d77614d85b497f1f2004389f00fb468f05073633d1fe16d050",
    "https://deno.land/x/mandarinets@v2.3.2/main-core/exceptions/templateEngineException.ts": "ff7be31702f7c53b60c0bd49c320cac80ec5ff28195e4e3f4814a4ce7a89fa78",
    "https://deno.land/x/mandarinets@v2.3.2/main-core/internals/interfaces/exceptionFilter.ts": "0bd660b730df940d2bac03740bcba48434047459d80c60a6c9263ac53d8b5388",
    "https://deno.land/x/mandarinets@v2.3.2/main-core/internals/interfaces/guardTarget.ts": "4531fa3402cd900b87f10cadd361eff30987b84ef6c15bcfab58a546459abcbb",
    "https://deno.land/x/mandarinets@v2.3.2/main-core/internals/interfaces/middlewareTarget.ts": "dd1d110f73b57618d0d9666ce467b70df6e732921acfd98cf6372b1c827f7045",
    "https://deno.land/x/mandarinets@v2.3.2/main-core/internals/methods/executePipe.ts": "229e99fd83cef266046108928811bb74e58c1df7269ae0c7f23605a5321d739f",
    "https://deno.land/x/mandarinets@v2.3.2/main-core/mandarine-native/mvc/mandarineResourceResolver.ts": "00b7995cd16e1a14832beeaef725408d78a58d9016fd4405a4fbf15d13f4dfae",
    "https://deno.land/x/mandarinets@v2.3.2/main-core/mandarine-native/mvc/webMvcConfigurer.ts": "8815ff36c5db224bcf7b0262cffddb4cc7a981267cf9284553fba3da1a99ddad",
    "https://deno.land/x/mandarinets@v2.3.2/main-core/mandarine-native/nativeComponentsRegistry.ts": "926aaa126d373133233c2929234ff02cc7137e202dbd582a96a0f3178e31e02e",
    "https://deno.land/x/mandarinets@v2.3.2/main-core/mandarine-native/security/authenticationManagerBuilderDefault.ts": "572839ea91032dc73b0f2b75f1244633a1035f6860af421e7b7fb5b4ff3d201f",
    "https://deno.land/x/mandarinets@v2.3.2/main-core/mandarine-native/security/authenticatorDefault.ts": "e9b2a89ff7d840b2ec42c1d7120458294ba366ee7c4d65bdf468397d624712d7",
    "https://deno.land/x/mandarinets@v2.3.2/main-core/mandarine-native/sessions/mandarineDefaultSessionStore.ts": "ba3dd7ea195b662b50e2c78077bab669c073dad49f6d091e29c6d2a6f4108ddb",
    "https://deno.land/x/mandarinets@v2.3.2/main-core/mandarine-native/sessions/mandarineSessionContainer.ts": "8cb1b90add7f3c4d5150d65caa225e68af0e60f03f07459bf8c691867dfb9495",
    "https://deno.land/x/mandarinets@v2.3.2/main-core/mandarine-native/sessions/mandarineSessionHandlers.ts": "006094474b37214c35719d573b24bbc30428030992e91de7648d5a34506e3971",
    "https://deno.land/x/mandarinets@v2.3.2/main-core/mandarineConstants.ts": "989baf0164c34590beafb7c0da6705e309021c20ef8c5e3bbdabe99b71b5be14",
    "https://deno.land/x/mandarinets@v2.3.2/main-core/mandarineCore.ts": "61de0f0d63f0bdb0cd76dc3212c4b5df5c2de7fcce99982371e586c1948d88e2",
    "https://deno.land/x/mandarinets@v2.3.2/main-core/mandarineLoading.ts": "758dc5e7d2e0dec8bb68cec052c99b44b87f215c7aa6a9136462aca32d5664e8",
    "https://deno.land/x/mandarinets@v2.3.2/main-core/proxys/dependencyInjectionDecorator.ts": "16fc105629194d096880f83396573d76e18e34131d060cd0408e8d801c823b58",
    "https://deno.land/x/mandarinets@v2.3.2/main-core/proxys/mainCoreDecorator.ts": "9459d6927d541d4a1c2c0f9c3d0083ec64d6beacb1400b574e01d39a42f7219f",
    "https://deno.land/x/mandarinets@v2.3.2/main-core/proxys/nativeComponentsOverrideProxy.ts": "9a17b63ebfc002a6a8f19280b74ac3dfb5aae7e1d0aff2c1574bf74c11520e6e",
    "https://deno.land/x/mandarinets@v2.3.2/main-core/reflectMetadata.ts": "5fe2bf20f22d1e0f04ec4b9a9deb13d11d7756a805ff080248c825b272d9ec83",
    "https://deno.land/x/mandarinets@v2.3.2/main-core/templates-registry/templatesRegistry.ts": "12135a3711c4137ce339d169914f0f4ae3e88fbb4227d7b5610f93d9041a40ca",
    "https://deno.land/x/mandarinets@v2.3.2/main-core/utils/commonUtils.ts": "a9e53c1939524fe6753af4dacf3f0decf0485edf845ed0e7604c1d5eda5606a3",
    "https://deno.land/x/mandarinets@v2.3.2/main-core/utils/componentUtils.ts": "dfe3d9e453c9833ec7cefb5367382fbb60a0e327d39d207360006626f15896a8",
    "https://deno.land/x/mandarinets@v2.3.2/main-core/utils/components/middlewareUtil.ts": "e0233e75dae5d4e3b80a91eaa20c653dfdca64c551eaeea7dedd6cab8730adeb",
    "https://deno.land/x/mandarinets@v2.3.2/main-core/utils/httpUtils.ts": "7d2892d402c15b0c374779c398de7d0abb5fb4d62a898545a800761d393791ac",
    "https://deno.land/x/mandarinets@v2.3.2/main-core/utils/jsonUtils.ts": "c44dc6f20c3d0045318817f891474156bc51d89c33023394d3db7f05f0c66518",
    "https://deno.land/x/mandarinets@v2.3.2/main-core/utils/mandarineUtils.ts": "ccf13e42fb21b17d2342f76a0ff198e6dc76fb7895293a4055449701679ab3a7",
    "https://deno.land/x/mandarinets@v2.3.2/main-core/utils/reflectUtils.ts": "56defce40bf34d7a930c4eaee2aee6ab40c861072f1f52c37c5e8b72f2138cc1",
    "https://deno.land/x/mandarinets@v2.3.2/main-core/utils/utilTypes.ts": "723d2863237a0868c40ee2905deb985d205906154ca49597926f10061e2dd08a",
    "https://deno.land/x/mandarinets@v2.3.2/mod.ts": "a0c631ffa99f3ad693d6b45a4d86166d00c1ec789f39038751bafc187b915d2b",
    "https://deno.land/x/mandarinets@v2.3.2/mvc-framework/core/decorators/custom-decorators/decoratorsFactory.ts": "36b03febe9d6beb007b2902e95f8a7b66e43532ba9b776691bd802d753d3f72a",
    "https://deno.land/x/mandarinets@v2.3.2/mvc-framework/core/decorators/stereotypes/controller/controller.ts": "b1d711fba4e8ff90825c2bc27e1fdff575ae4fc012270acbff575279c6d8f911",
    "https://deno.land/x/mandarinets@v2.3.2/mvc-framework/core/decorators/stereotypes/controller/corsMiddlewareDecorator.ts": "8f9867e778286081f38898202c26f7e6a4d35df7e7d8518a656043b093e2250a",
    "https://deno.land/x/mandarinets@v2.3.2/mvc-framework/core/decorators/stereotypes/controller/parameterDecorator.ts": "ba5df67ce3f3a7e32c24f24b845d33f781d01b613e454a4368f617eaaf6ed1cf",
    "https://deno.land/x/mandarinets@v2.3.2/mvc-framework/core/decorators/stereotypes/controller/pipeDecorator.ts": "c5cc48af9ffc70e9cca93695915c91eef50c7a83b2e8d69b7841d85db6c0e7ea",
    "https://deno.land/x/mandarinets@v2.3.2/mvc-framework/core/decorators/stereotypes/controller/responseStatus.ts": "c22d0ab9c2cf64f55797f114b8b8feeaa2ed179ec809e43003ad2cebec843ff4",
    "https://deno.land/x/mandarinets@v2.3.2/mvc-framework/core/decorators/stereotypes/controller/routingDecorator.ts": "72e8efc513f94d8c01e0e360fda61f9bbc6a25cd1a79ac8f3aa5a121635a0eff",
    "https://deno.land/x/mandarinets@v2.3.2/mvc-framework/core/decorators/stereotypes/controller/useGuards.ts": "efed98770696a0c2cf8247639d1274861f00c9371f6fdb34087cb54925042777",
    "https://deno.land/x/mandarinets@v2.3.2/mvc-framework/core/decorators/stereotypes/controller/useMiddleware.ts": "66362d89e2d4795853b40191ad5027254dd6a21e98f2f21a6c2847badc3bab31",
    "https://deno.land/x/mandarinets@v2.3.2/mvc-framework/core/decorators/stereotypes/view-engine/viewEngineDecorators.ts": "52d2374d0c3a6c86c735b52d9d353cd1ad0575f5a188dcac90deeb607cfa883c",
    "https://deno.land/x/mandarinets@v2.3.2/mvc-framework/core/interfaces/http/cookie.ts": "de81e84ae4eec52069e3a9baa7fd70d5c3e971f2ae7d3caf96f0268212797931",
    "https://deno.land/x/mandarinets@v2.3.2/mvc-framework/core/interfaces/mandarine/mandarineAnnotationMetadataContext.ts": "62d0f6140790f85a04330aa7885a67bb0729677b7ec6f67cab80c2466f36ea4f",
    "https://deno.land/x/mandarinets@v2.3.2/mvc-framework/core/internal/auth/authenticationRouting.ts": "bcbf9fad786622d758ee1508b1d0daee56398a8f85fabc847b6094a1be01cd26",
    "https://deno.land/x/mandarinets@v2.3.2/mvc-framework/core/internal/components/resource-handler-registry/resourceHandler.ts": "eff73601fb1639135623cc9840502ac3690c9c436e741441ce9c59c83985f7bb",
    "https://deno.land/x/mandarinets@v2.3.2/mvc-framework/core/internal/components/resource-handler-registry/resourceHandlerRegistry.ts": "7774700b93d295f2f2546c4e8bd010f5d1993d3ed313f804ededba1221a93209",
    "https://deno.land/x/mandarinets@v2.3.2/mvc-framework/core/internal/components/routing/controllerContext.ts": "6e6431fe5259f7fac005f812646cd4840bb704507c46d3881ef39b0ca28b420f",
    "https://deno.land/x/mandarinets@v2.3.2/mvc-framework/core/internal/components/routing/routingResolver.ts": "027d5aec6338b7c583e67c6eeeb04b29a6c6ce92f674bb109f75d7d3decfd353",
    "https://deno.land/x/mandarinets@v2.3.2/mvc-framework/core/internal/middlewareManager.ts": "948f4e4940595e069f1bb9f0408bfc39d3752058bc1d236f54394d200533c302",
    "https://deno.land/x/mandarinets@v2.3.2/mvc-framework/core/mandarineMvcContext.ts": "77b28bbbc5a0cbff41f85b54e99786104b9ca6565d646b0b98b1231512372659",
    "https://deno.land/x/mandarinets@v2.3.2/mvc-framework/core/middlewares/authMiddleware.ts": "64f9caeda5415120f3f37a72c1754a3ce9beabc95e8a39bec4d6c0ba34055924",
    "https://deno.land/x/mandarinets@v2.3.2/mvc-framework/core/middlewares/cors/corsMiddleware.ts": "c03b0e8468c475d6ca3bb7e50ee567d7c03d0794f1f71d6f3dc5986c68526084",
    "https://deno.land/x/mandarinets@v2.3.2/mvc-framework/core/middlewares/exceptionHandler.ts": "05aabd42a724c8e3f9b1d75491e677c168df0c4555ca11bbf2cd1428e9684f74",
    "https://deno.land/x/mandarinets@v2.3.2/mvc-framework/core/middlewares/resourceHandlerMiddleware.ts": "49cbaf546d43f6397908789d10337557584cc98ed5ab01faadca19c9e1a3288c",
    "https://deno.land/x/mandarinets@v2.3.2/mvc-framework/core/middlewares/responseTimeHeaderMiddleware.ts": "53fa382996291db1e46e5efb059dbe94c43abbe05b9442f074f4d17abae9c57b",
    "https://deno.land/x/mandarinets@v2.3.2/mvc-framework/core/middlewares/sessionMiddleware.ts": "1942117f44fef70c8f15b515187e10b365ff797df2210033a4e5cad70ea0a441",
    "https://deno.land/x/mandarinets@v2.3.2/mvc-framework/core/modules/view-engine/renderEngine.ts": "15ea94bbb90aff96122487803c1ec64759425912bce427a508cd805b697df312",
    "https://deno.land/x/mandarinets@v2.3.2/mvc-framework/core/modules/view-engine/viewModel.ts": "30eda89943d3740f4bd14c963a3479cc7d804c789534454be0d34ca055f1430c",
    "https://deno.land/x/mandarinets@v2.3.2/mvc-framework/core/proxys/mvcCoreDecorators.ts": "a319967b427890977edea5eb6c45fee8de185527c6bda7bc6ba27f24b4d5df22",
    "https://deno.land/x/mandarinets@v2.3.2/mvc-framework/core/utils/mandarine/routingUtils.ts": "c88b40d79396514cb3221633ca9e6c8c5a0153440957f56e15fc891fcc919138",
    "https://deno.land/x/mandarinets@v2.3.2/mvc-framework/core/utils/mvc.utils.ts": "fb7250fce8b36742eb089d4916240dbdc015c1c7540989ebd00bed01753bf8ae",
    "https://deno.land/x/mandarinets@v2.3.2/mvc-framework/core/utils/templateUtils.ts": "79395fe4a1b51ca6dc73b234d63ddb1ef41e5ec9a7e20f9e519ba700b9fd8fb9",
    "https://deno.land/x/mandarinets@v2.3.2/mvc-framework/engine/mandarineMvcFrameworkStarter.ts": "97c415f2d90b4eb0e380bcd038cd0174f1b8bcaa3a92c86145c26471715dbc1e",
    "https://deno.land/x/mandarinets@v2.3.2/mvc-framework/mandarine-mvc.ns.ts": "884beefd9eb4a0c1792e4f155d1cfbb6f9c499f74db95318567f96b34ecd705f",
    "https://deno.land/x/mandarinets@v2.3.2/mvc-framework/mandarineMVC.ts": "0df7732760d61d387ad7eda08d39832ebed14e3089e5b40cead33c54c1a55baf",
    "https://deno.land/x/mandarinets@v2.3.2/orm-core/connectors/postgreSQLConnector.ts": "e55207be5b224450eaa7222abb620191b987dc625965cfc3dfb9886557fa036d",
    "https://deno.land/x/mandarinets@v2.3.2/orm-core/core/decorators/Repository.ts": "b7b9fcf6eb2afa616e0c6dde03fc1fe725d41880afdf0249daafdf4b61e360fe",
    "https://deno.land/x/mandarinets@v2.3.2/orm-core/core/decorators/entityDecorators.ts": "a13e4fa1951b71742217b27b3c809dc5dc9f1741506dab632c46009591f76d50",
    "https://deno.land/x/mandarinets@v2.3.2/orm-core/core/entityManager.ts": "314610f7d585a43e74870a4ee1fc60c19385304d0d401c842056e7b1a333577f",
    "https://deno.land/x/mandarinets@v2.3.2/orm-core/core/exceptions/mandarineORMException.ts": "35167b5b58cfa5a5239e3bf6f70d899b641fc29f51faf253feb113c4cbd6d6e8",
    "https://deno.land/x/mandarinets@v2.3.2/orm-core/core/lexicalProcessor.ts": "1ba2efc7cbe2e37e905ab874b0bd740cbe84bf7f6fea8e415a7860358a8aaa38",
    "https://deno.land/x/mandarinets@v2.3.2/orm-core/core/proxys/ormCoreDecoratorProxy.ts": "d9befa72a99c46152382fedcd34cae27c644de3c92543de8a150578b8cbc68d3",
    "https://deno.land/x/mandarinets@v2.3.2/orm-core/dialect/postgreSQLDialect.ts": "df726db5de4b911f23b65d47d68a67fa4a72ab5b3dc2c198139fa938941972ef",
    "https://deno.land/x/mandarinets@v2.3.2/orm-core/entity-registry/entityRegistry.ts": "3647a6e2f36c825c6552780e4cebfedb9457bdeab2c54e8ea3095c8d267e7e79",
    "https://deno.land/x/mandarinets@v2.3.2/orm-core/mandarine-orm.ns.ts": "8067bf7cfe885f3f5231e3c95e53b9a865956c885fd6e8574d8d36eb25ab052f",
    "https://deno.land/x/mandarinets@v2.3.2/orm-core/repository/mandarineRepository.ts": "3ea0eb71e9875bab6bab544ade1c4e5d5a5356ce7f32ce0e89d138b9626bff30",
    "https://deno.land/x/mandarinets@v2.3.2/orm-core/repository/repositoryPostgresProxy.ts": "f15e3fc31d73c6dd033eae38ec645c2b68615ea26d0240eaea069f89274fdc78",
    "https://deno.land/x/mandarinets@v2.3.2/orm-core/sql/types.ts": "24c9b0895588be10cadd872fe773d18e4e8fd615d6e3b82fb847d8d7db0e924e",
    "https://deno.land/x/mandarinets@v2.3.2/plugins/optional.ts": "7133c1d4322f6c0dd088ab586b64818fc574cecddd56d3e9e7bffb03bfcdc97a",
    "https://deno.land/x/mandarinets@v2.3.2/plugins/promiseRepeater.ts": "0875ecb762fbc40bf8eb90ff2a2f3b7486c232e359b3903bbdf8997fdefc601d",
    "https://deno.land/x/mandarinets@v2.3.2/security-core/core/decorators/allowOnly.ts": "a0c89838921408a07651c40769ba536bb30f82061c3fee9dd5ece217e8d25f79",
    "https://deno.land/x/mandarinets@v2.3.2/security-core/core/internals/permissions/permissionValidatorsRegistry.ts": "5466826134d9fda09b524eca2d60feb51d366037c8a1005ead787550dfca4942",
    "https://deno.land/x/mandarinets@v2.3.2/security-core/core/internals/permissions/validators/hasRole.ts": "4eee666536ed2b789be51a51016c4417f26ccf280dd44aa7017458f119547277",
    "https://deno.land/x/mandarinets@v2.3.2/security-core/core/internals/permissions/validators/isAuthenticated.ts": "bf98f73b4ac8cd22013a7951655f3edcea559661a53c8c4b1568e3825cd686a8",
    "https://deno.land/x/mandarinets@v2.3.2/security-core/core/internals/permissions/verifyPermissions.ts": "c8cdd626446581a148ac886768befc0dce0634789138f5af15f741f7f7fca9ff",
    "https://deno.land/x/mandarinets@v2.3.2/security-core/core/modules/loginBuilder.ts": "9dc1f832c03beb702f7b18015f0f6c95fcc703acb8790da09a3b19fe5308278d",
    "https://deno.land/x/mandarinets@v2.3.2/security-core/core/modules/loginHandler.ts": "47ee845ee7080f68e844e42a7635bfe548b38e3fa83d2c93cfa293628f1488b3",
    "https://deno.land/x/mandarinets@v2.3.2/security-core/core/proxys/securityCoreDecorators.ts": "03b0078efd056564f5dfa9bc0b2c639da39742d51dfde811857767869e49662b",
    "https://deno.land/x/mandarinets@v2.3.2/security-core/encoders/bcryptEncoder.ts": "1afda64d498d019e839fcfa759b9d33d2a8a26d7fe093a464fed7fefd171648a",
    "https://deno.land/x/mandarinets@v2.3.2/security-core/hash/base64.ts": "bb673c694c27f8ff0ac059e10e546b36ffa8709bfa63cb17a56835883d796c5c",
    "https://deno.land/x/mandarinets@v2.3.2/security-core/hash/bcrypt/bcrypt.ts": "54d194e69a0ff05ecd9b63467df6fb90e64e86a56d0e19353794e24fb0349a74",
    "https://deno.land/x/mandarinets@v2.3.2/security-core/hash/sha256.ts": "7f715557b0c7d06f672996686e70d1a7324d8733a01801c93084531c124270f5",
    "https://deno.land/x/mandarinets@v2.3.2/security-core/keyStack.ts": "3288108e094c6e2c1097449f9012f661a238842128f9d8c74eec9cd0eed89ccc",
    "https://deno.land/x/mandarinets@v2.3.2/security-core/mandarine-security.ns.ts": "8707f25ad4453c6144de1ec85bf93517c052a58164104397ba9fb295883d2fd5",
    "https://deno.land/x/mandarinets@v2.3.2/security-core/utils/auth.util.ts": "4744413cc84a084804178e978d45dabb74c5966b377c057bc55eeecf6364d69e",
    "https://deno.land/x/mandarinets@v2.3.2/security-core/utils/securityUtils.ts": "3994ce4d29b5ae3a0dddd0c3c0262a88f7838c210a591ab1f2d15a276c57fa95",
    "https://deno.land/x/mandarinets@v2.3.2/security-core/utils/sessions.util.ts": "6b6db9342d7e1009855b4c42ca8f1cdab850ec2cf3e0d96d4e52950a254110c0",
    "https://deno.land/x/media_types@v2.6.1/db.ts": "c040d9bd1524b90c1cfa126858e1a4ba432aa0ab935a568656d52091113af069",
    "https://deno.land/x/media_types@v2.6.1/deps.ts": "fbcbbe2ce2216e17cd7b887784f7d982270bfd5720d5c76870d3832a1c9fda98",
    "https://deno.land/x/media_types@v2.6.1/mod.ts": "d63583b978d32eff8b76e1ae5d83cba2fb27baa90cc1bcb0ad15a06122ea8c19",
    "https://deno.land/x/path_to_regexp@v6.2.0/index.ts": "e94c04a44bbecac99ff2db2d831afe98b423e627b775cb57fc7935f848c64c51",
    "https://deno.land/x/postgres@v0.5.0/array_parser.ts": "2e0a0fe60ed92ff91841fb33127919c2dfede1bae02a7ef313208ffe82ace631",
    "https://deno.land/x/postgres@v0.5.0/client.ts": "43af61797c8ac93c1a1a728c165b1828e6ecd993ed19d10a250e99a4cd28a94c",
    "https://deno.land/x/postgres@v0.5.0/connection.ts": "829c368ec899ee0aecaac21a716d699d5c7dcd268dfc367b5b06d2eeb46d2818",
    "https://deno.land/x/postgres@v0.5.0/connection_params.ts": "22209b93f6ed61aab579f07d884b8620ef5564e658356b5671e8cfaf79f8ab03",
    "https://deno.land/x/postgres@v0.5.0/decode.ts": "c2f4e9cdb1d79b52d1b1e89284601559eeef809223b4b0da20fa76ed7ed6bb91",
    "https://deno.land/x/postgres@v0.5.0/deferred.ts": "de077878ddaf09829679d08a20b94be91ceba64ce261e5f5e2bc1f621dea3b4c",
    "https://deno.land/x/postgres@v0.5.0/deps.ts": "0858aa8a6ed1813ba3762c32a9fe151fad55ea540a5766904cc19e20a3588f2a",
    "https://deno.land/x/postgres@v0.5.0/encode.ts": "4f980e9ee2b296098dab060bdec4baa9078b94f01a7c46f5e1d54b07bfee716b",
    "https://deno.land/x/postgres@v0.5.0/mod.ts": "e35a236dd7f0dd99ef2557c1b5433e2ef1a48dd098f882f0467770a6b7d24533",
    "https://deno.land/x/postgres@v0.5.0/oid.ts": "b7713a269a18d156bf7dd3d06346b716098603fa0b10b91957b94d8815a47b24",
    "https://deno.land/x/postgres@v0.5.0/packet_reader.ts": "f35ac560f349c61fd97e1216278a1f05bb4ff2910afaf34bc158460b458ccd13",
    "https://deno.land/x/postgres@v0.5.0/packet_writer.ts": "539abe8ae343a1cff322b08405b44c898ccb3121d65c205d1f96ff16f04cdd0e",
    "https://deno.land/x/postgres@v0.5.0/pool.ts": "795925a739786c34f5cc685ae5c29576726e9a957ce2ce05185707d852ae8abb",
    "https://deno.land/x/postgres@v0.5.0/query.ts": "abef5b72999171a8fdd1f43c6c6712ab219c8c10ffe28d8f0e0b43bea6df71b3",
    "https://deno.land/x/postgres@v0.5.0/utils.ts": "5aea98236354f6c88c61195d2153459e940085885476425f238e09e5e9579542",
    "https://deno.land/x/postgres@v0.5.0/warning.ts": "61cb623edc7b0931b408bdf5be7fea8b64100f389b911e1172a0af7ad3abd65f",
    "https://dev.jspm.io/ejs@3.1.3": "a0d2f5191365a6b0a317ee438833ea2836eb325f709726cab2868bf0e9ca2d33",
    "https://dev.jspm.io/handlebars@4.7.6": "26ba31abe93897a86390da422b3488a253fc7976ae6b7454961842e3a7cf741a",
    "https://dev.jspm.io/npm:@jspm/core@2.0.1/_/0545670c.js": "468e254a0e5f7801333f217fcee046141186bd0a960018c893d73910bd754b71",
    "https://dev.jspm.io/npm:@jspm/core@2.0.1/_/3fe460d2.js": "991599d7a4ccc93f3dc0808aa706e713fd80a80fc8d21ec1fd28a96832030572",
    "https://dev.jspm.io/npm:@jspm/core@2.0.1/_/57403c48.js": "3fa9c20fb03311a58a652563a4c935f6e7666113d2f725a6458893bfbac75e5f",
    "https://dev.jspm.io/npm:@jspm/core@2.0.1/_/633ae550.js": "65a4b416c1a22251ee020c55496de44a08ae247d4108898dfc0f4753df829fc5",
    "https://dev.jspm.io/npm:@jspm/core@2.0.1/_/8dc3f476.js": "55ff556fbd358ec01e78b1bc31d4d22baf1479046e42ea17f712b58ea96ba535",
    "https://dev.jspm.io/npm:@jspm/core@2.0.1/_/8ddf35de.js": "c05f3a1431f18571f87b59b7d3cda65c8983712c9b424b5574623975dcc68863",
    "https://dev.jspm.io/npm:@jspm/core@2.0.1/_/a17f45f2.js": "a36e172b43861a826c2258b8735525a1b13eb59c198ee808b016586d02dab38f",
    "https://dev.jspm.io/npm:@jspm/core@2.0.1/_/a421dfba.js": "ec016925d8e0ec5e5b56c0847212c1113edce320f5f6920d241ee00ee115d172",
    "https://dev.jspm.io/npm:@jspm/core@2.0.1/_/c5b352d6.js": "991006a876c2c17414e1884022c7c96a5cbe9a4fc9ec1abd717ac3d0ee7d4c55",
    "https://dev.jspm.io/npm:@jspm/core@2.0.1/_/cb95b980.js": "e20e42c770070c4326cb18192218b59e90a5378cdc57897f0c5f3b99ae054f07",
    "https://dev.jspm.io/npm:@jspm/core@2.0.1/_/e0803811.js": "1f6fe590fd0eeb59d9911633c388a4d97bea171f10ad260bc63b6702eb6d2e25",
    "https://dev.jspm.io/npm:@jspm/core@2.0.1/nodelibs/assert": "d10535eedc33c732428f71cd82f4a0caf0e74fec90d6bd7c3535a8ea4389a5ce",
    "https://dev.jspm.io/npm:@jspm/core@2.0.1/nodelibs/buffer": "f6bd0a893f7d7d48422389dc81a2923809fbd24c2d6352c7f4bdd29dcad7154b",
    "https://dev.jspm.io/npm:@jspm/core@2.0.1/nodelibs/events": "e5cc37092fddd5ac75814ca2a779eda7977ef43b0b410d90c8f9323f89d80cb4",
    "https://dev.jspm.io/npm:@jspm/core@2.0.1/nodelibs/fs": "721ba251d28f561ab8b04b57938cba82b702b821bdf027b0f0c00bd7f94d3cdd",
    "https://dev.jspm.io/npm:@jspm/core@2.0.1/nodelibs/path": "3eefa6fbe73189ade0710d6dc4c725be27f0496cb5371d59c0a16b84be17e0cb",
    "https://dev.jspm.io/npm:@jspm/core@2.0.1/nodelibs/stream": "bbc5a30284349f7be148a0a9e81fbdf30d52abaf9b155554abce757bdffac50a",
    "https://dev.jspm.io/npm:@jspm/core@2.0.1/nodelibs/url": "3d7ca846b3826a38b6b6596e04446f053bcadb71b818a28333e620afd119fef7",
    "https://dev.jspm.io/npm:@jspm/core@2.0.1/nodelibs/util": "f22fa23c828774618e6f8705ce6705f5a4e1d939efc98af445805d6d9a9e4a44",
    "https://dev.jspm.io/npm:@jspm/core@2/nodelibs/fs": "9281dd30f0fbcfc282a5c235d54ed502166d109171380db7a609480e10e9627b",
    "https://dev.jspm.io/npm:@jspm/core@2/nodelibs/path": "5216638da3b96090d01ef829eeb4b271c3da699e8db06655ef6452315999bd76",
    "https://dev.jspm.io/npm:ejs@3.1.3!cjs": "11f00cc7c7993670e31c42873840e965a9fada3b7aba0f9bb4b1f344a7c2309d",
    "https://dev.jspm.io/npm:ejs@3.1.3/_/0c62623d.js": "87ebf3ca67034666a9dc412b2fb401f2d63bd3b8f8d91eb4c117a6dc83139ae3",
    "https://dev.jspm.io/npm:ejs@3.1.3/lib/utils.js!cjs": "c67982851674217a16be3a5fd6e9d82f28ba73e59e4c26da429c5f93220f7eae",
    "https://dev.jspm.io/npm:handlebars@4.7.6!cjs": "7c4c3725d5fe6b6a8a54a3ee7ad431408be352766bb7ef896939c187551843f4",
    "https://dev.jspm.io/npm:handlebars@4.7.6/_/a1417093.js": "c1e9780dc6eba8b9c77b349b067229cfe6f262065260f00eb408fe25f753eb4e",
    "https://dev.jspm.io/npm:handlebars@4.7.6/_/cac9e115.js": "d712286974b51838c57eda9b84edd2187073669da612431453dd9c86aea4bafc",
    "https://dev.jspm.io/npm:handlebars@4.7.6/dist/cjs/handlebars!cjs": "39a84a96491feffb39897da2bd9a849e79cb86cf5d5cd6da63284167483ee143",
    "https://dev.jspm.io/npm:handlebars@4.7.6/dist/cjs/handlebars/compiler/ast!cjs": "9b5076563dacb44748843115b0d6c14cc66e1488fc0c17b942d9c6a7d2a16ef5",
    "https://dev.jspm.io/npm:handlebars@4.7.6/dist/cjs/handlebars/compiler/compiler!cjs": "0116ca9751cbc064ca8c8dd719a79bbcc2f9c8ba54f951afde408fa220b9bb48",
    "https://dev.jspm.io/npm:handlebars@4.7.6/dist/cjs/handlebars/compiler/javascript-compiler!cjs": "6211fdc4922bd7ff5bc4e5daac54622aa377df6e45da0384bc81916f8a78bc3d",
    "https://dev.jspm.io/npm:handlebars@4.7.6/dist/cjs/handlebars/compiler/parser!cjs": "cffdba5c6d7f1dabede1d968acbec343c3fdc3eb6abc4d973f96f06ef327bbe8",
    "https://dev.jspm.io/npm:handlebars@4.7.6/dist/cjs/handlebars/compiler/visitor!cjs": "366dfb7b33c7a525522b008d4ed3eb541e682e03e0b3d6346e584a8bade1b0e3",
    "https://dev.jspm.io/npm:handlebars@4.7.6/dist/cjs/handlebars/exception!cjs": "973fe30ab9ef17857fcf6f38657afb3c8c02735c584a54013d1ee157db471774",
    "https://dev.jspm.io/npm:handlebars@4.7.6/dist/cjs/handlebars/runtime!cjs": "be7b1fda7d4e781cb513a8fd6ccf7e9c6a459b3539395eb10544e4cc4b5b75d0",
    "https://dev.jspm.io/npm:handlebars@4.7.6/dist/cjs/handlebars/safe-string!cjs": "6b426d71581c1f2fec0b25965e739b7a553b1d58c4f4837cc397fecb2c5ea94b",
    "https://dev.jspm.io/npm:handlebars@4.7.6/dist/cjs/handlebars/utils!cjs": "b6830092192b399eaa7fe03fd9f2081a8deac657f2e501a635c5f00e43c98a23",
    "https://dev.jspm.io/npm:source-map@0.6!cjs": "98204842c2889a2728857d34114c603627cf01a601269d0aeb82d19af66d1282",
    "https://dev.jspm.io/npm:source-map@0.6.1!cjs": "d1d2e76a70ee5b91b70626a8c4ae24bed218f7282c4e306fc98db210093fee49",
    "https://dev.jspm.io/npm:source-map@0.6.1/_/b1dbe139.js": "aad45c56f326044267c6d37e24aa452e2c37426d76cc545e07ffe8c340013b7c",
    "https://dev.jspm.io/npm:source-map@0.6.1/lib/source-map-consumer!cjs": "3fc73a10b598c0bd0d29d176488755a8c1f6d3325afcb5f751a0cc7cbfac0f61",
    "https://dev.jspm.io/npm:source-map@0.6.1/lib/source-map-generator!cjs": "dc7a5810cdbfdad9fe573906ed113610940ae91ba7e575b98ae14494cff15117",
    "https://dev.jspm.io/npm:source-map@0.6.1/lib/util!cjs": "e101e0e50d54f2c5ec3393035ebd39cc1b5a77abf3323220f0954f1b0e60b462",
    "https://raw.githubusercontent.com/mandarineorg/mandarinets-modules/master/oak/6.4.1/application.ts": "b82275abfcb1ca31125b7400beebe9c86c5b6d3609bb2a233cd472410c07a8c0",
    "https://raw.githubusercontent.com/mandarineorg/mandarinets-modules/master/oak/6.4.1/body.ts": "036c1e3cf54d1cae24b18bf5c2287ab930cd230c474b86fb6f6fade1ccf811ec",
    "https://raw.githubusercontent.com/mandarineorg/mandarinets-modules/master/oak/6.4.1/buf_reader.ts": "ced6a04ac8f529a18e1e85182ffe0cf82ee9477e1a8f5441a02e923f62bebc54",
    "https://raw.githubusercontent.com/mandarineorg/mandarinets-modules/master/oak/6.4.1/content_disposition.ts": "5e4977d5d37074389320529d29fb651cecc22c3de5cb3b575174e5ea87c473cf",
    "https://raw.githubusercontent.com/mandarineorg/mandarinets-modules/master/oak/6.4.1/context.ts": "3def03a088ef146df6ddcacac1c7a4a1be7e37b34201dd3efff090e259bc9be2",
    "https://raw.githubusercontent.com/mandarineorg/mandarinets-modules/master/oak/6.4.1/cookies.ts": "3cc0f6a087e97ed3d8b86f6a4e8be85be178a46a5eb924981c026885e288036a",
    "https://raw.githubusercontent.com/mandarineorg/mandarinets-modules/master/oak/6.4.1/deps.ts": "39aed0939a61659b4eb46c68f8b5430b056a3dae70b9c510d14b6bab73ed043d",
    "https://raw.githubusercontent.com/mandarineorg/mandarinets-modules/master/oak/6.4.1/headers.ts": "c45c087298d5a6d5727feb1456783fad115ff0789b686594e68cb56dfafba1a5",
    "https://raw.githubusercontent.com/mandarineorg/mandarinets-modules/master/oak/6.4.1/helpers.ts": "f300fb35be2673f6ec2807a4442560ad16c5ad95b600a88eb9d4d52d176758a6",
    "https://raw.githubusercontent.com/mandarineorg/mandarinets-modules/master/oak/6.4.1/httpError.ts": "33ebe66afd1d5381146836ed9e24010c5c0a2d47b93a8e93a99033ef1fb04840",
    "https://raw.githubusercontent.com/mandarineorg/mandarinets-modules/master/oak/6.4.1/isMediaType.ts": "e7457f8c14245a7bb9a3a48000d50e112bb6fcafeab8fd7bcff16363a0cd8687",
    "https://raw.githubusercontent.com/mandarineorg/mandarinets-modules/master/oak/6.4.1/keyStack.ts": "a930034061dc8255160ebb3ad274c674ec3370066f33e348f4794723be93c39b",
    "https://raw.githubusercontent.com/mandarineorg/mandarinets-modules/master/oak/6.4.1/mediaTyper.ts": "36cd4f116988c49f2281d456cd4d5eb7ed01b1cc4337ca08b06f2f20b41ea69d",
    "https://raw.githubusercontent.com/mandarineorg/mandarinets-modules/master/oak/6.4.1/middleware.ts": "d3172050f00e36e8060240b90f26665ca78407bb6c66f911d5a9197914b9826a",
    "https://raw.githubusercontent.com/mandarineorg/mandarinets-modules/master/oak/6.4.1/mod.ts": "2471c648cf3bf94520aa077bd2fc5810ee290b01af63774b47529cd1197aac03",
    "https://raw.githubusercontent.com/mandarineorg/mandarinets-modules/master/oak/6.4.1/multipart.ts": "f8adebccb63dee2c10ccaf2697e2d735b4ce582a0d0284e60ada70a8e5899712",
    "https://raw.githubusercontent.com/mandarineorg/mandarinets-modules/master/oak/6.4.1/negotiation/charset.ts": "b4c2e0c49dd5122f130f95bf29508448d983c424801b5bc304b00288b5ae3195",
    "https://raw.githubusercontent.com/mandarineorg/mandarinets-modules/master/oak/6.4.1/negotiation/common.ts": "f54d599d37408005f8c565d0f6505de51fed31feaa3654a7758e2359c006b02c",
    "https://raw.githubusercontent.com/mandarineorg/mandarinets-modules/master/oak/6.4.1/negotiation/encoding.ts": "60eb0fc3df57cc39eaa739e0e9e2cda6c20b3aa429d1a0108f503065f5709bbe",
    "https://raw.githubusercontent.com/mandarineorg/mandarinets-modules/master/oak/6.4.1/negotiation/language.ts": "62ef13ea3146538dd52a4666611bd423ebb9a6438e7312398e17a4d16dbafb51",
    "https://raw.githubusercontent.com/mandarineorg/mandarinets-modules/master/oak/6.4.1/negotiation/mediaType.ts": "7e25cc34600beea3bf0b0879ff1783c752260fcb517dffea2e122830c36e8451",
    "https://raw.githubusercontent.com/mandarineorg/mandarinets-modules/master/oak/6.4.1/request.ts": "3a8d8f4b319e944ca0e8d655021f21c7f7406be48d8713e65f512f2e1cfcdc28",
    "https://raw.githubusercontent.com/mandarineorg/mandarinets-modules/master/oak/6.4.1/response.ts": "7a39cfc0b519b15fcc17fbdec8ebd5a1769ead0c28f3a3fd44ecdff8315a0712",
    "https://raw.githubusercontent.com/mandarineorg/mandarinets-modules/master/oak/6.4.1/router.ts": "4a7d81ae8f67e204dcafedcd1ee26ce94824925c33a84b6010e5820bbcce36e6",
    "https://raw.githubusercontent.com/mandarineorg/mandarinets-modules/master/oak/6.4.1/send.ts": "70988cc588ff57b033625972c95c3a31b0dfc567c3f40acfbbe845b41993be82",
    "https://raw.githubusercontent.com/mandarineorg/mandarinets-modules/master/oak/6.4.1/server_sent_event.ts": "74506e4ef0e119992962c54733a6620c95840c2d5eabe5e672e56a047eeda111",
    "https://raw.githubusercontent.com/mandarineorg/mandarinets-modules/master/oak/6.4.1/tssCompare.ts": "bb88898156aad3157c30eebf87bc7312a2099f099c135090a937734fd8a15978",
    "https://raw.githubusercontent.com/mandarineorg/mandarinets-modules/master/oak/6.4.1/types.d.ts": "635b03a2620763bcaded852888c319ed34b80a76a16e0b28e6670ffe93630338",
    "https://raw.githubusercontent.com/mandarineorg/mandarinets-modules/master/oak/6.4.1/util.ts": "a6994ab0466760b4fcb230b131329aa5cebc54992007cda5e053b2a46f53f03e",
    "https://raw.githubusercontent.com/mandarineorg/mandarinets-modules/master/view-engine/1.1.1/lib/engines/ejs.ts": "0825a87158a55f8fc28cb113e676a3bdf1d2cd4b516a0914205234bf98ce6ac8",
    "https://raw.githubusercontent.com/mandarineorg/mandarinets-modules/master/view-engine/1.1.1/lib/engines/handlebars.ts": "41070312f6fe4076ae8c4ef1e79a9d299e0cc35861b07e4ea4c8b5e5967a203b",
    "https://raw.githubusercontent.com/mandarineorg/mandarinets-modules/master/view-engine/1.1.1/lib/types/index.ts": "8e4131dab2aeb10d00ab0f72ca88bb9a87c1be3bee342a0dba494ad4ae0d5279",
    "https://raw.githubusercontent.com/mandarineorg/mandarinets-modules/master/view-engine/1.1.1/node_modules/@types/ejs/index.d.ts": "0640ec584df89c992733b887ba8bd4fec260b37eb5d7b8fd19305057caca31b2"
  }
}
